
Microsoft Visual Studio Solution File, Format Version 12.00
# Visual Studio 15
VisualStudioVersion = 15.0.27703.2047
MinimumVisualStudioVersion = 10.0.40219.1
Project("{FAE04EC0-301F-11D3-BF4B-00C04F79EFBC}") = "SavePoors", "AdminLTE1\SavePoors.csproj", "{36513CCC-9EF3-44ED-B75D-6CA3986532BD}"
EndProject
Global
	GlobalSection(SolutionConfigurationPlatforms) = preSolution
		Debug|Any CPU = Debug|Any CPU
		Release|Any CPU = Release|Any CPU
	EndGlobalSection
	GlobalSection(ProjectConfigurationPlatforms) = postSolution
		{36513CCC-9EF3-44ED-B75D-6CA3986532BD}.Debug|Any CPU.ActiveCfg = Debug|Any CPU
		{36513CCC-9EF3-44ED-B75D-6CA3986532BD}.Debug|Any CPU.Build.0 = Debug|Any CPU
		{36513CCC-9EF3-44ED-B75D-6CA3986532BD}.Release|Any CPU.ActiveCfg = Release|Any CPU
		{36513CCC-9EF3-44ED-B75D-6CA3986532BD}.Release|Any CPU.Build.0 = Release|Any CPU
	EndGlobalSection
	GlobalSection(SolutionProperties) = preSolution
		HideSolutionNode = FALSE
	EndGlobalSection
	GlobalSection(ExtensibilityGlobals) = postSolution
		SolutionGuid = {DF390E31-E7E1-4359-97CE-5942829CCEC7}
	EndGlobalSection
EndGlobal
